
Microsoft Visual Studio Solution File, Format Version 12.00
# Visual Studio 15
VisualStudioVersion = 15.0.26730.16
MinimumVisualStudioVersion = 10.0.40219.1
Project("{FAE04EC0-301F-11D3-BF4B-00C04F79EFBC}") = "DbService", "DbService\DbService.csproj", "{B093B07E-3099-44B6-9048-0E8D09AF30F1}"
EndProject
Project("{FAE04EC0-301F-11D3-BF4B-00C04F79EFBC}") = "SalaryUWP", "SalaryUWP\SalaryUWP.csproj", "{2CD480A9-C071-42B3-AA89-147EB156F877}"
	ProjectSection(ProjectDependencies) = postProject
		{B093B07E-3099-44B6-9048-0E8D09AF30F1} = {B093B07E-3099-44B6-9048-0E8D09AF30F1}
	EndProjectSection
EndProject
Project("{FAE04EC0-301F-11D3-BF4B-00C04F79EFBC}") = "SalaryWeb", "SalaryWeb\SalaryWeb.csproj", "{3CC8077F-75EC-4384-BD1D-06071C189408}"
EndProject
Global
	GlobalSection(SolutionConfigurationPlatforms) = preSolution
		Debug|Any CPU = Debug|Any CPU
		Debug|ARM = Debug|ARM
		Debug|x64 = Debug|x64
		Debug|x86 = Debug|x86
		Release|Any CPU = Release|Any CPU
		Release|ARM = Release|ARM
		Release|x64 = Release|x64
		Release|x86 = Release|x86
	EndGlobalSection
	GlobalSection(ProjectConfigurationPlatforms) = postSolution
		{B093B07E-3099-44B6-9048-0E8D09AF30F1}.Debug|Any CPU.ActiveCfg = Debug|Any CPU
		{B093B07E-3099-44B6-9048-0E8D09AF30F1}.Debug|Any CPU.Build.0 = Debug|Any CPU
		{B093B07E-3099-44B6-9048-0E8D09AF30F1}.Debug|ARM.ActiveCfg = Debug|Any CPU
		{B093B07E-3099-44B6-9048-0E8D09AF30F1}.Debug|ARM.Build.0 = Debug|Any CPU
		{B093B07E-3099-44B6-9048-0E8D09AF30F1}.Debug|x64.ActiveCfg = Debug|Any CPU
		{B093B07E-3099-44B6-9048-0E8D09AF30F1}.Debug|x64.Build.0 = Debug|Any CPU
		{B093B07E-3099-44B6-9048-0E8D09AF30F1}.Debug|x86.ActiveCfg = Debug|Any CPU
		{B093B07E-3099-44B6-9048-0E8D09AF30F1}.Debug|x86.Build.0 = Debug|Any CPU
		{B093B07E-3099-44B6-9048-0E8D09AF30F1}.Release|Any CPU.ActiveCfg = Release|Any CPU
		{B093B07E-3099-44B6-9048-0E8D09AF30F1}.Release|Any CPU.Build.0 = Release|Any CPU
		{B093B07E-3099-44B6-9048-0E8D09AF30F1}.Release|ARM.ActiveCfg = Release|Any CPU
		{B093B07E-3099-44B6-9048-0E8D09AF30F1}.Release|ARM.Build.0 = Release|Any CPU
		{B093B07E-3099-44B6-9048-0E8D09AF30F1}.Release|x64.ActiveCfg = Release|Any CPU
		{B093B07E-3099-44B6-9048-0E8D09AF30F1}.Release|x64.Build.0 = Release|Any CPU
		{B093B07E-3099-44B6-9048-0E8D09AF30F1}.Release|x86.ActiveCfg = Release|Any CPU
		{B093B07E-3099-44B6-9048-0E8D09AF30F1}.Release|x86.Build.0 = Release|Any CPU
		{2CD480A9-C071-42B3-AA89-147EB156F877}.Debug|Any CPU.ActiveCfg = Debug|x86
		{2CD480A9-C071-42B3-AA89-147EB156F877}.Debug|Any CPU.Build.0 = Debug|x86
		{2CD480A9-C071-42B3-AA89-147EB156F877}.Debug|Any CPU.Deploy.0 = Debug|x86
		{2CD480A9-C071-42B3-AA89-147EB156F877}.Debug|ARM.ActiveCfg = Debug|ARM
		{2CD480A9-C071-42B3-AA89-147EB156F877}.Debug|ARM.Build.0 = Debug|ARM
		{2CD480A9-C071-42B3-AA89-147EB156F877}.Debug|ARM.Deploy.0 = Debug|ARM
		{2CD480A9-C071-42B3-AA89-147EB156F877}.Debug|x64.ActiveCfg = Debug|x64
		{2CD480A9-C071-42B3-AA89-147EB156F877}.Debug|x64.Build.0 = Debug|x64
		{2CD480A9-C071-42B3-AA89-147EB156F877}.Debug|x64.Deploy.0 = Debug|x64
		{2CD480A9-C071-42B3-AA89-147EB156F877}.Debug|x86.ActiveCfg = Debug|x86
		{2CD480A9-C071-42B3-AA89-147EB156F877}.Debug|x86.Build.0 = Debug|x86
		{2CD480A9-C071-42B3-AA89-147EB156F877}.Debug|x86.Deploy.0 = Debug|x86
		{2CD480A9-C071-42B3-AA89-147EB156F877}.Release|Any CPU.ActiveCfg = Release|x86
		{2CD480A9-C071-42B3-AA89-147EB156F877}.Release|ARM.ActiveCfg = Release|ARM
		{2CD480A9-C071-42B3-AA89-147EB156F877}.Release|ARM.Build.0 = Release|ARM
		{2CD480A9-C071-42B3-AA89-147EB156F877}.Release|ARM.Deploy.0 = Release|ARM
		{2CD480A9-C071-42B3-AA89-147EB156F877}.Release|x64.ActiveCfg = Release|x64
		{2CD480A9-C071-42B3-AA89-147EB156F877}.Release|x64.Build.0 = Release|x64
		{2CD480A9-C071-42B3-AA89-147EB156F877}.Release|x64.Deploy.0 = Release|x64
		{2CD480A9-C071-42B3-AA89-147EB156F877}.Release|x86.ActiveCfg = Release|x86
		{2CD480A9-C071-42B3-AA89-147EB156F877}.Release|x86.Build.0 = Release|x86
		{2CD480A9-C071-42B3-AA89-147EB156F877}.Release|x86.Deploy.0 = Release|x86
		{3CC8077F-75EC-4384-BD1D-06071C189408}.Debug|Any CPU.ActiveCfg = Debug|Any CPU
		{3CC8077F-75EC-4384-BD1D-06071C189408}.Debug|Any CPU.Build.0 = Debug|Any CPU
		{3CC8077F-75EC-4384-BD1D-06071C189408}.Debug|ARM.ActiveCfg = Debug|Any CPU
		{3CC8077F-75EC-4384-BD1D-06071C189408}.Debug|ARM.Build.0 = Debug|Any CPU
		{3CC8077F-75EC-4384-BD1D-06071C189408}.Debug|x64.ActiveCfg = Debug|Any CPU
		{3CC8077F-75EC-4384-BD1D-06071C189408}.Debug|x64.Build.0 = Debug|Any CPU
		{3CC8077F-75EC-4384-BD1D-06071C189408}.Debug|x86.ActiveCfg = Debug|Any CPU
		{3CC8077F-75EC-4384-BD1D-06071C189408}.Debug|x86.Build.0 = Debug|Any CPU
		{3CC8077F-75EC-4384-BD1D-06071C189408}.Release|Any CPU.ActiveCfg = Release|Any CPU
		{3CC8077F-75EC-4384-BD1D-06071C189408}.Release|Any CPU.Build.0 = Release|Any CPU
		{3CC8077F-75EC-4384-BD1D-06071C189408}.Release|ARM.ActiveCfg = Release|Any CPU
		{3CC8077F-75EC-4384-BD1D-06071C189408}.Release|ARM.Build.0 = Release|Any CPU
		{3CC8077F-75EC-4384-BD1D-06071C189408}.Release|x64.ActiveCfg = Release|Any CPU
		{3CC8077F-75EC-4384-BD1D-06071C189408}.Release|x64.Build.0 = Release|Any CPU
		{3CC8077F-75EC-4384-BD1D-06071C189408}.Release|x86.ActiveCfg = Release|Any CPU
		{3CC8077F-75EC-4384-BD1D-06071C189408}.Release|x86.Build.0 = Release|Any CPU
	EndGlobalSection
	GlobalSection(SolutionProperties) = preSolution
		HideSolutionNode = FALSE
	EndGlobalSection
	GlobalSection(ExtensibilityGlobals) = postSolution
		SolutionGuid = {1756463E-6240-4ED7-A3E9-35AC8659865F}
	EndGlobalSection
EndGlobal
